
Microsoft Visual Studio Solution File, Format Version 12.00
# Visual Studio Version 17
VisualStudioVersion = 17.14.35906.104 d17.14
MinimumVisualStudioVersion = 10.0.40219.1
Project("{FAE04EC0-301F-11D3-BF4B-00C04F79EFBC}") = "To Do List", "To Do List\To Do List.csproj", "{BD58183A-2EE7-44B3-B401-427AA51D01D3}"
EndProject
Global
	GlobalSection(SolutionConfigurationPlatforms) = preSolution
		Debug|Any CPU = Debug|Any CPU
		Release|Any CPU = Release|Any CPU
	EndGlobalSection
	GlobalSection(ProjectConfigurationPlatforms) = postSolution
		{BD58183A-2EE7-44B3-B401-427AA51D01D3}.Debug|Any CPU.ActiveCfg = Debug|Any CPU
		{BD58183A-2EE7-44B3-B401-427AA51D01D3}.Debug|Any CPU.Build.0 = Debug|Any CPU
		{BD58183A-2EE7-44B3-B401-427AA51D01D3}.Release|Any CPU.ActiveCfg = Release|Any CPU
		{BD58183A-2EE7-44B3-B401-427AA51D01D3}.Release|Any CPU.Build.0 = Release|Any CPU
	EndGlobalSection
	GlobalSection(SolutionProperties) = preSolution
		HideSolutionNode = FALSE
	EndGlobalSection
	GlobalSection(ExtensibilityGlobals) = postSolution
		SolutionGuid = {6086A782-9B47-455D-AC2A-A6A7D813C418}
	EndGlobalSection
EndGlobal
